{
  "schema": "acp.contracts.lock.v1",
  "comment": "ACP(proboscis/agent-control-plane)の契約の写しの pin — この repo の 1 点。commit = 正本の commit 1 つ・sha256 = その commit の中身。写しは生成物で、口は scripts/sync_contracts.py ちょうど(--check = 正本との差分 0〔ACP の checkout が要る〕・--check-copies = 写しの中で閉じる検〔要らない〕・--write = 生成・--pin = pin を進めて写し直す)。ここを手で直さない・写しも手で直さない(正本を直して pin を進める)。消費者 = agentd(packages/doeff-agents/src/doeff_agents/sessionhost/acp/)。正本の repo は private で、この repo は公開 — だから既定 pytest は写しの中で閉じる検(packages/doeff-agents/tests/test_sessionhost_acp.py の写しの節)を撃ち、正本との突合は checkout を持てる機体と ACP 側の検 scripts/check_cross_repo_contracts.hy が撃つ。契約を変える便の順 = ACP に 1 commit → この repo で pin を進める 1 commit(生成物の更新を含む)。",
  "canonRepo": "proboscis/agent-control-plane",
  "commit": "5da44c31c5c471fd1c69600d1b111ad96eee3c03",
  "files": [
    {
      "kind": "contract",
      "canonPath": "docs/contracts/agora-kinds.json",
      "copyPath": "docs/contracts/agora-kinds.json",
      "sha256": "1fb33f39a7c3b90063793f9f8711a814d272d480de4552120125a8f931a2a056"
    },
    {
      "kind": "contract",
      "canonPath": "docs/contracts/read-freshness.json",
      "copyPath": "docs/contracts/read-freshness.json",
      "sha256": "8a680b91d0eb24da52c3c1b9b16fd5ce07a1fd9116fff8f3d638362aab3f239b"
    },
    {
      "kind": "code",
      "canonPath": "clients/hy/acp_client/shared/live_row.hy",
      "copyPath": "packages/doeff-agents/src/doeff_agents/sessionhost/acp/live_row.hy",
      "sha256": "f329f7c7510b4164bbdb26347d620701007ebee30517abd8c553a6e4ac6ecc31"
    }
  ]
}
